
Microsoft Visual Studio Solution File, Format Version 12.00
# Visual Studio Version 17
VisualStudioVersion = 17.0.32112.339
MinimumVisualStudioVersion = 10.0.40219.1
Project("{FAE04EC0-301F-11D3-BF4B-00C04F79EFBC}") = "MordernUI", "MordernUI.csproj", "{7D1E2CE3-0370-437B-89E0-93B91ABC3202}"
EndProject
Global
	GlobalSection(SolutionConfigurationPlatforms) = preSolution
		Debug|Any CPU = Debug|Any CPU
		Release|Any CPU = Release|Any CPU
	EndGlobalSection
	GlobalSection(ProjectConfigurationPlatforms) = postSolution
		{7D1E2CE3-0370-437B-89E0-93B91ABC3202}.Debug|Any CPU.ActiveCfg = Debug|Any CPU
		{7D1E2CE3-0370-437B-89E0-93B91ABC3202}.Debug|Any CPU.Build.0 = Debug|Any CPU
		{7D1E2CE3-0370-437B-89E0-93B91ABC3202}.Release|Any CPU.ActiveCfg = Release|Any CPU
		{7D1E2CE3-0370-437B-89E0-93B91ABC3202}.Release|Any CPU.Build.0 = Release|Any CPU
	EndGlobalSection
	GlobalSection(SolutionProperties) = preSolution
		HideSolutionNode = FALSE
	EndGlobalSection
	GlobalSection(ExtensibilityGlobals) = postSolution
		SolutionGuid = {54EAC66A-91F7-4967-94F8-488A70CD50D6}
	EndGlobalSection
EndGlobal
